// !$*UTF8*$!
{
	archiveVersion = 1;
	classes = {
	};
	objectVersion = 56;
	objects = {

/* Begin PBXBuildFile section */
		0426B0D229FD9B8800C2BF3B /* AppDelegate.swift in Sources */ = {isa = PBXBuildFile; fileRef = 0426B0D129FD9B8800C2BF3B /* AppDelegate.swift */; };
		0426B0D429FD9B8800C2BF3B /* SceneDelegate.swift in Sources */ = {isa = PBXBuildFile; fileRef = 0426B0D329FD9B8800C2BF3B /* SceneDelegate.swift */; };
		0426B0D629FD9B8800C2BF3B /* MainScreenVC.swift in Sources */ = {isa = PBXBuildFile; fileRef = 0426B0D529FD9B8800C2BF3B /* MainScreenVC.swift */; };
		0426B0FA29FDC10700C2BF3B /* MainScreenService.swift in Sources */ = {isa = PBXBuildFile; fileRef = 0426B0F929FDC10700C2BF3B /* MainScreenService.swift */; };
		0426B0FC29FDCC4600C2BF3B /* MainScreenResponse.swift in Sources */ = {isa = PBXBuildFile; fileRef = 0426B0FB29FDCC4600C2BF3B /* MainScreenResponse.swift */; };
		0426B0FE29FDCC7700C2BF3B /* MainScreenModel.swift in Sources */ = {isa = PBXBuildFile; fileRef = 0426B0FD29FDCC7700C2BF3B /* MainScreenModel.swift */; };
		0426B10029FEAC9000C2BF3B /* TabBarController.swift in Sources */ = {isa = PBXBuildFile; fileRef = 0426B0FF29FEAC9000C2BF3B /* TabBarController.swift */; };
		0426B1012A005E1300C2BF3B /* Assets.xcassets in Resources */ = {isa = PBXBuildFile; fileRef = 0426B0DA29FD9B8900C2BF3B /* Assets.xcassets */; };
		0426B1022A005E1800C2BF3B /* LaunchScreen.storyboard in Resources */ = {isa = PBXBuildFile; fileRef = 0426B0DC29FD9B8900C2BF3B /* LaunchScreen.storyboard */; };
		0426B1052A00775000C2BF3B /* ForecastScreenResponse.swift in Sources */ = {isa = PBXBuildFile; fileRef = 0426B1042A00775000C2BF3B /* ForecastScreenResponse.swift */; };
		0426B1072A0077B500C2BF3B /* ForecastScreenVC.swift in Sources */ = {isa = PBXBuildFile; fileRef = 0426B1062A0077B500C2BF3B /* ForecastScreenVC.swift */; };
		0426B10A2A0077E300C2BF3B /* ForecastScreenModel.swift in Sources */ = {isa = PBXBuildFile; fileRef = 0426B1092A0077E300C2BF3B /* ForecastScreenModel.swift */; };
		0426B10C2A00782200C2BF3B /* ForecastScreenCell.swift in Sources */ = {isa = PBXBuildFile; fileRef = 0426B10B2A00782200C2BF3B /* ForecastScreenCell.swift */; };
		0426B10E2A00825A00C2BF3B /* ForecastScreenService.swift in Sources */ = {isa = PBXBuildFile; fileRef = 0426B10D2A00825A00C2BF3B /* ForecastScreenService.swift */; };
		0426B1112A01645300C2BF3B /* UIView+PinEdges.swift in Sources */ = {isa = PBXBuildFile; fileRef = 0426B1102A01645300C2BF3B /* UIView+PinEdges.swift */; };
/* End PBXBuildFile section */

/* Begin PBXFileReference section */
		0426B0CE29FD9B8800C2BF3B /* WeatherForecast.app */ = {isa = PBXFileReference; explicitFileType = wrapper.application; includeInIndex = 0; path = WeatherForecast.app; sourceTree = BUILT_PRODUCTS_DIR; };
		0426B0D129FD9B8800C2BF3B /* AppDelegate.swift */ = {isa = PBXFileReference; lastKnownFileType = sourcecode.swift; path = AppDelegate.swift; sourceTree = "<group>"; };
		0426B0D329FD9B8800C2BF3B /* SceneDelegate.swift */ = {isa = PBXFileReference; lastKnownFileType = sourcecode.swift; path = SceneDelegate.swift; sourceTree = "<group>"; };
		0426B0D529FD9B8800C2BF3B /* MainScreenVC.swift */ = {isa = PBXFileReference; lastKnownFileType = sourcecode.swift; path = MainScreenVC.swift; sourceTree = "<group>"; };
		0426B0DA29FD9B8900C2BF3B /* Assets.xcassets */ = {isa = PBXFileReference; lastKnownFileType = folder.assetcatalog; path = Assets.xcassets; sourceTree = "<group>"; };
		0426B0DD29FD9B8900C2BF3B /* Base */ = {isa = PBXFileReference; lastKnownFileType = file.storyboard; name = Base; path = Base.lproj/LaunchScreen.storyboard; sourceTree = "<group>"; };
		0426B0DF29FD9B8900C2BF3B /* Info.plist */ = {isa = PBXFileReference; lastKnownFileType = text.plist.xml; name = Info.plist; path = WeatherForecast/Resources/Info.plist; sourceTree = SOURCE_ROOT; };
		0426B0F929FDC10700C2BF3B /* MainScreenService.swift */ = {isa = PBXFileReference; lastKnownFileType = sourcecode.swift; path = MainScreenService.swift; sourceTree = "<group>"; };
		0426B0FB29FDCC4600C2BF3B /* MainScreenResponse.swift */ = {isa = PBXFileReference; lastKnownFileType = sourcecode.swift; path = MainScreenResponse.swift; sourceTree = "<group>"; };
		0426B0FD29FDCC7700C2BF3B /* MainScreenModel.swift */ = {isa = PBXFileReference; lastKnownFileType = sourcecode.swift; path = MainScreenModel.swift; sourceTree = "<group>"; };
		0426B0FF29FEAC9000C2BF3B /* TabBarController.swift */ = {isa = PBXFileReference; lastKnownFileType = sourcecode.swift; path = TabBarController.swift; sourceTree = "<group>"; };
		0426B1042A00775000C2BF3B /* ForecastScreenResponse.swift */ = {isa = PBXFileReference; lastKnownFileType = sourcecode.swift; path = ForecastScreenResponse.swift; sourceTree = "<group>"; };
		0426B1062A0077B500C2BF3B /* ForecastScreenVC.swift */ = {isa = PBXFileReference; lastKnownFileType = sourcecode.swift; path = ForecastScreenVC.swift; sourceTree = "<group>"; };
		0426B1092A0077E300C2BF3B /* ForecastScreenModel.swift */ = {isa = PBXFileReference; lastKnownFileType = sourcecode.swift; path = ForecastScreenModel.swift; sourceTree = "<group>"; };
		0426B10B2A00782200C2BF3B /* ForecastScreenCell.swift */ = {isa = PBXFileReference; lastKnownFileType = sourcecode.swift; path = ForecastScreenCell.swift; sourceTree = "<group>"; };
		0426B10D2A00825A00C2BF3B /* ForecastScreenService.swift */ = {isa = PBXFileReference; lastKnownFileType = sourcecode.swift; path = ForecastScreenService.swift; sourceTree = "<group>"; };
		0426B1102A01645300C2BF3B /* UIView+PinEdges.swift */ = {isa = PBXFileReference; lastKnownFileType = sourcecode.swift; path = "UIView+PinEdges.swift"; sourceTree = "<group>"; };
/* End PBXFileReference section */

/* Begin PBXFrameworksBuildPhase section */
		0426B0CB29FD9B8800C2BF3B /* Frameworks */ = {
			isa = PBXFrameworksBuildPhase;
			buildActionMask = 2147483647;
			files = (
			);
			runOnlyForDeploymentPostprocessing = 0;
		};
/* End PBXFrameworksBuildPhase section */

/* Begin PBXGroup section */
		0426B0C529FD9B8800C2BF3B = {
			isa = PBXGroup;
			children = (
				0426B0D029FD9B8800C2BF3B /* WeatherForecast */,
				0426B0CF29FD9B8800C2BF3B /* Products */,
			);
			sourceTree = "<group>";
		};
		0426B0CF29FD9B8800C2BF3B /* Products */ = {
			isa = PBXGroup;
			children = (
				0426B0CE29FD9B8800C2BF3B /* WeatherForecast.app */,
			);
			name = Products;
			sourceTree = "<group>";
		};
		0426B0D029FD9B8800C2BF3B /* WeatherForecast */ = {
			isa = PBXGroup;
			children = (
				0426B0E629FDB4F600C2BF3B /* App */,
				0426B0E729FDB4FD00C2BF3B /* Screens */,
				0426B0E929FDB58000C2BF3B /* DomainModels */,
				0426B1032A00747C00C2BF3B /* Services */,
				0426B10F2A01643E00C2BF3B /* Extentions */,
				0426B0E829FDB52200C2BF3B /* Resources */,
			);
			path = WeatherForecast;
			sourceTree = "<group>";
		};
		0426B0E629FDB4F600C2BF3B /* App */ = {
			isa = PBXGroup;
			children = (
				0426B0D129FD9B8800C2BF3B /* AppDelegate.swift */,
				0426B0D329FD9B8800C2BF3B /* SceneDelegate.swift */,
			);
			path = App;
			sourceTree = "<group>";
		};
		0426B0E729FDB4FD00C2BF3B /* Screens */ = {
			isa = PBXGroup;
			children = (
				0426B0FF29FEAC9000C2BF3B /* TabBarController.swift */,
				0426B0F429FDB90300C2BF3B /* Main */,
				0426B0F529FDB90C00C2BF3B /* Forecast */,
			);
			path = Screens;
			sourceTree = "<group>";
		};
		0426B0E829FDB52200C2BF3B /* Resources */ = {
			isa = PBXGroup;
			children = (
				0426B0DA29FD9B8900C2BF3B /* Assets.xcassets */,
				0426B0DC29FD9B8900C2BF3B /* LaunchScreen.storyboard */,
				0426B0DF29FD9B8900C2BF3B /* Info.plist */,
			);
			path = Resources;
			sourceTree = "<group>";
		};
		0426B0E929FDB58000C2BF3B /* DomainModels */ = {
			isa = PBXGroup;
			children = (
				0426B0FB29FDCC4600C2BF3B /* MainScreenResponse.swift */,
				0426B1042A00775000C2BF3B /* ForecastScreenResponse.swift */,
			);
			path = DomainModels;
			sourceTree = "<group>";
		};
		0426B0F429FDB90300C2BF3B /* Main */ = {
			isa = PBXGroup;
			children = (
				0426B0F629FDBCB600C2BF3B /* Models */,
				0426B0D529FD9B8800C2BF3B /* MainScreenVC.swift */,
			);
			path = Main;
			sourceTree = "<group>";
		};
		0426B0F529FDB90C00C2BF3B /* Forecast */ = {
			isa = PBXGroup;
			children = (
				0426B1082A0077D000C2BF3B /* Models */,
				0426B1062A0077B500C2BF3B /* ForecastScreenVC.swift */,
				0426B10B2A00782200C2BF3B /* ForecastScreenCell.swift */,
			);
			path = Forecast;
			sourceTree = "<group>";
		};
		0426B0F629FDBCB600C2BF3B /* Models */ = {
			isa = PBXGroup;
			children = (
				0426B0FD29FDCC7700C2BF3B /* MainScreenModel.swift */,
			);
			path = Models;
			sourceTree = "<group>";
		};
		0426B1032A00747C00C2BF3B /* Services */ = {
			isa = PBXGroup;
			children = (
				0426B0F929FDC10700C2BF3B /* MainScreenService.swift */,
				0426B10D2A00825A00C2BF3B /* ForecastScreenService.swift */,
			);
			path = Services;
			sourceTree = "<group>";
		};
		0426B1082A0077D000C2BF3B /* Models */ = {
			isa = PBXGroup;
			children = (
				0426B1092A0077E300C2BF3B /* ForecastScreenModel.swift */,
			);
			path = Models;
			sourceTree = "<group>";
		};
		0426B10F2A01643E00C2BF3B /* Extentions */ = {
			isa = PBXGroup;
			children = (
				0426B1102A01645300C2BF3B /* UIView+PinEdges.swift */,
			);
			path = Extentions;
			sourceTree = "<group>";
		};
/* End PBXGroup section */

/* Begin PBXNativeTarget section */
		0426B0CD29FD9B8800C2BF3B /* WeatherForecast */ = {
			isa = PBXNativeTarget;
			buildConfigurationList = 0426B0E229FD9B8900C2BF3B /* Build configuration list for PBXNativeTarget "WeatherForecast" */;
			buildPhases = (
				0426B0CA29FD9B8800C2BF3B /* Sources */,
				0426B0CB29FD9B8800C2BF3B /* Frameworks */,
				0426B0CC29FD9B8800C2BF3B /* Resources */,
			);
			buildRules = (
			);
			dependencies = (
			);
			name = WeatherForecast;
			productName = WeatherForecast;
			productReference = 0426B0CE29FD9B8800C2BF3B /* WeatherForecast.app */;
			productType = "com.apple.product-type.application";
		};
/* End PBXNativeTarget section */

/* Begin PBXProject section */
		0426B0C629FD9B8800C2BF3B /* Project object */ = {
			isa = PBXProject;
			attributes = {
				BuildIndependentTargetsInParallel = 1;
				LastSwiftUpdateCheck = 1410;
				LastUpgradeCheck = 1410;
				TargetAttributes = {
					0426B0CD29FD9B8800C2BF3B = {
						CreatedOnToolsVersion = 14.1;
					};
				};
			};
			buildConfigurationList = 0426B0C929FD9B8800C2BF3B /* Build configuration list for PBXProject "WeatherForecast" */;
			compatibilityVersion = "Xcode 14.0";
			developmentRegion = en;
			hasScannedForEncodings = 0;
			knownRegions = (
				en,
				Base,
			);
			mainGroup = 0426B0C529FD9B8800C2BF3B;
			productRefGroup = 0426B0CF29FD9B8800C2BF3B /* Products */;
			projectDirPath = "";
			projectRoot = "";
			targets = (
				0426B0CD29FD9B8800C2BF3B /* WeatherForecast */,
			);
		};
/* End PBXProject section */

/* Begin PBXResourcesBuildPhase section */
		0426B0CC29FD9B8800C2BF3B /* Resources */ = {
			isa = PBXResourcesBuildPhase;
			buildActionMask = 2147483647;
			files = (
				0426B1022A005E1800C2BF3B /* LaunchScreen.storyboard in Resources */,
				0426B1012A005E1300C2BF3B /* Assets.xcassets in Resources */,
			);
			runOnlyForDeploymentPostprocessing = 0;
		};
/* End PBXResourcesBuildPhase section */

/* Begin PBXSourcesBuildPhase section */
		0426B0CA29FD9B8800C2BF3B /* Sources */ = {
			isa = PBXSourcesBuildPhase;
			buildActionMask = 2147483647;
			files = (
				0426B1072A0077B500C2BF3B /* ForecastScreenVC.swift in Sources */,
				0426B0D629FD9B8800C2BF3B /* MainScreenVC.swift in Sources */,
				0426B0FA29FDC10700C2BF3B /* MainScreenService.swift in Sources */,
				0426B0D229FD9B8800C2BF3B /* AppDelegate.swift in Sources */,
				0426B10A2A0077E300C2BF3B /* ForecastScreenModel.swift in Sources */,
				0426B0FC29FDCC4600C2BF3B /* MainScreenResponse.swift in Sources */,
				0426B0D429FD9B8800C2BF3B /* SceneDelegate.swift in Sources */,
				0426B1052A00775000C2BF3B /* ForecastScreenResponse.swift in Sources */,
				0426B10029FEAC9000C2BF3B /* TabBarController.swift in Sources */,
				0426B1112A01645300C2BF3B /* UIView+PinEdges.swift in Sources */,
				0426B0FE29FDCC7700C2BF3B /* MainScreenModel.swift in Sources */,
				0426B10E2A00825A00C2BF3B /* ForecastScreenService.swift in Sources */,
				0426B10C2A00782200C2BF3B /* ForecastScreenCell.swift in Sources */,
			);
			runOnlyForDeploymentPostprocessing = 0;
		};
/* End PBXSourcesBuildPhase section */

/* Begin PBXVariantGroup section */
		0426B0DC29FD9B8900C2BF3B /* LaunchScreen.storyboard */ = {
			isa = PBXVariantGroup;
			children = (
				0426B0DD29FD9B8900C2BF3B /* Base */,
			);
			name = LaunchScreen.storyboard;
			sourceTree = "<group>";
		};
/* End PBXVariantGroup section */

/* Begin XCBuildConfiguration section */
		0426B0E029FD9B8900C2BF3B /* Debug */ = {
			isa = XCBuildConfiguration;
			buildSettings = {
				ALWAYS_SEARCH_USER_PATHS = NO;
				CLANG_ANALYZER_NONNULL = YES;
				CLANG_ANALYZER_NUMBER_OBJECT_CONVERSION = YES_AGGRESSIVE;
				CLANG_CXX_LANGUAGE_STANDARD = "gnu++20";
				CLANG_ENABLE_MODULES = YES;
				CLANG_ENABLE_OBJC_ARC = YES;
				CLANG_ENABLE_OBJC_WEAK = YES;
				CLANG_WARN_BLOCK_CAPTURE_AUTORELEASING = YES;
				CLANG_WARN_BOOL_CONVERSION = YES;
				CLANG_WARN_COMMA = YES;
				CLANG_WARN_CONSTANT_CONVERSION = YES;
				CLANG_WARN_DEPRECATED_OBJC_IMPLEMENTATIONS = YES;
				CLANG_WARN_DIRECT_OBJC_ISA_USAGE = YES_ERROR;
				CLANG_WARN_DOCUMENTATION_COMMENTS = YES;
				CLANG_WARN_EMPTY_BODY = YES;
				CLANG_WARN_ENUM_CONVERSION = YES;
				CLANG_WARN_INFINITE_RECURSION = YES;
				CLANG_WARN_INT_CONVERSION = YES;
				CLANG_WARN_NON_LITERAL_NULL_CONVERSION = YES;
				CLANG_WARN_OBJC_IMPLICIT_RETAIN_SELF = YES;
				CLANG_WARN_OBJC_LITERAL_CONVERSION = YES;
				CLANG_WARN_OBJC_ROOT_CLASS = YES_ERROR;
				CLANG_WARN_QUOTED_INCLUDE_IN_FRAMEWORK_HEADER = YES;
				CLANG_WARN_RANGE_LOOP_ANALYSIS = YES;
				CLANG_WARN_STRICT_PROTOTYPES = YES;
				CLANG_WARN_SUSPICIOUS_MOVE = YES;
				CLANG_WARN_UNGUARDED_AVAILABILITY = YES_AGGRESSIVE;
				CLANG_WARN_UNREACHABLE_CODE = YES;
				CLANG_WARN__DUPLICATE_METHOD_MATCH = YES;
				COPY_PHASE_STRIP = NO;
				DEBUG_INFORMATION_FORMAT = dwarf;
				ENABLE_STRICT_OBJC_MSGSEND = YES;
				ENABLE_TESTABILITY = YES;
				GCC_C_LANGUAGE_STANDARD = gnu11;
				GCC_DYNAMIC_NO_PIC = NO;
				GCC_NO_COMMON_BLOCKS = YES;
				GCC_OPTIMIZATION_LEVEL = 0;
				GCC_PREPROCESSOR_DEFINITIONS = (
					"DEBUG=1",
					"$(inherited)",
				);
				GCC_WARN_64_TO_32_BIT_CONVERSION = YES;
				GCC_WARN_ABOUT_RETURN_TYPE = YES_ERROR;
				GCC_WARN_UNDECLARED_SELECTOR = YES;
				GCC_WARN_UNINITIALIZED_AUTOS = YES_AGGRESSIVE;
				GCC_WARN_UNUSED_FUNCTION = YES;
				GCC_WARN_UNUSED_VARIABLE = YES;
				IPHONEOS_DEPLOYMENT_TARGET = 14.5;
				MTL_ENABLE_DEBUG_INFO = INCLUDE_SOURCE;
				MTL_FAST_MATH = YES;
				ONLY_ACTIVE_ARCH = YES;
				SDKROOT = iphoneos;
				SWIFT_ACTIVE_COMPILATION_CONDITIONS = DEBUG;
				SWIFT_OPTIMIZATION_LEVEL = "-Onone";
			};
			name = Debug;
		};
		0426B0E129FD9B8900C2BF3B /* Release */ = {
			isa = XCBuildConfiguration;
			buildSettings = {
				ALWAYS_SEARCH_USER_PATHS = NO;
				CLANG_ANALYZER_NONNULL = YES;
				CLANG_ANALYZER_NUMBER_OBJECT_CONVERSION = YES_AGGRESSIVE;
				CLANG_CXX_LANGUAGE_STANDARD = "gnu++20";
				CLANG_ENABLE_MODULES = YES;
				CLANG_ENABLE_OBJC_ARC = YES;
				CLANG_ENABLE_OBJC_WEAK = YES;
				CLANG_WARN_BLOCK_CAPTURE_AUTORELEASING = YES;
				CLANG_WARN_BOOL_CONVERSION = YES;
				CLANG_WARN_COMMA = YES;
				CLANG_WARN_CONSTANT_CONVERSION = YES;
				CLANG_WARN_DEPRECATED_OBJC_IMPLEMENTATIONS = YES;
				CLANG_WARN_DIRECT_OBJC_ISA_USAGE = YES_ERROR;
				CLANG_WARN_DOCUMENTATION_COMMENTS = YES;
				CLANG_WARN_EMPTY_BODY = YES;
				CLANG_WARN_ENUM_CONVERSION = YES;
				CLANG_WARN_INFINITE_RECURSION = YES;
				CLANG_WARN_INT_CONVERSION = YES;
				CLANG_WARN_NON_LITERAL_NULL_CONVERSION = YES;
				CLANG_WARN_OBJC_IMPLICIT_RETAIN_SELF = YES;
				CLANG_WARN_OBJC_LITERAL_CONVERSION = YES;
				CLANG_WARN_OBJC_ROOT_CLASS = YES_ERROR;
				CLANG_WARN_QUOTED_INCLUDE_IN_FRAMEWORK_HEADER = YES;
				CLANG_WARN_RANGE_LOOP_ANALYSIS = YES;
				CLANG_WARN_STRICT_PROTOTYPES = YES;
				CLANG_WARN_SUSPICIOUS_MOVE = YES;
				CLANG_WARN_UNGUARDED_AVAILABILITY = YES_AGGRESSIVE;
				CLANG_WARN_UNREACHABLE_CODE = YES;
				CLANG_WARN__DUPLICATE_METHOD_MATCH = YES;
				COPY_PHASE_STRIP = NO;
				DEBUG_INFORMATION_FORMAT = "dwarf-with-dsym";
				ENABLE_NS_ASSERTIONS = NO;
				ENABLE_STRICT_OBJC_MSGSEND = YES;
				GCC_C_LANGUAGE_STANDARD = gnu11;
				GCC_NO_COMMON_BLOCKS = YES;
				GCC_WARN_64_TO_32_BIT_CONVERSION = YES;
				GCC_WARN_ABOUT_RETURN_TYPE = YES_ERROR;
				GCC_WARN_UNDECLARED_SELECTOR = YES;
				GCC_WARN_UNINITIALIZED_AUTOS = YES_AGGRESSIVE;
				GCC_WARN_UNUSED_FUNCTION = YES;
				GCC_WARN_UNUSED_VARIABLE = YES;
				IPHONEOS_DEPLOYMENT_TARGET = 14.5;
				MTL_ENABLE_DEBUG_INFO = NO;
				MTL_FAST_MATH = YES;
				SDKROOT = iphoneos;
				SWIFT_COMPILATION_MODE = wholemodule;
				SWIFT_OPTIMIZATION_LEVEL = "-O";
				VALIDATE_PRODUCT = YES;
			};
			name = Release;
		};
		0426B0E329FD9B8900C2BF3B /* Debug */ = {
			isa = XCBuildConfiguration;
			buildSettings = {
				ASSETCATALOG_COMPILER_APPICON_NAME = AppIcon;
				ASSETCATALOG_COMPILER_GLOBAL_ACCENT_COLOR_NAME = AccentColor;
				CODE_SIGN_STYLE = Automatic;
				CURRENT_PROJECT_VERSION = 1;
				DEVELOPMENT_TEAM = 8RR9M64TNW;
				GENERATE_INFOPLIST_FILE = YES;
				INFOPLIST_FILE = WeatherForecast/Resources/Info.plist;
				INFOPLIST_KEY_UIApplicationSupportsIndirectInputEvents = YES;
				INFOPLIST_KEY_UILaunchStoryboardName = LaunchScreen;
				INFOPLIST_KEY_UIMainStoryboardFile = "";
				INFOPLIST_KEY_UISupportedInterfaceOrientations_iPad = "UIInterfaceOrientationPortrait UIInterfaceOrientationPortraitUpsideDown UIInterfaceOrientationLandscapeLeft UIInterfaceOrientationLandscapeRight";
				INFOPLIST_KEY_UISupportedInterfaceOrientations_iPhone = "UIInterfaceOrientationPortrait UIInterfaceOrientationLandscapeLeft UIInterfaceOrientationLandscapeRight";
				IPHONEOS_DEPLOYMENT_TARGET = 14.5;
				LD_RUNPATH_SEARCH_PATHS = (
					"$(inherited)",
					"@executable_path/Frameworks",
				);
				MARKETING_VERSION = 1.0;
				PRODUCT_BUNDLE_IDENTIFIER = semjon.g.WeatherForecast;
				PRODUCT_NAME = "$(TARGET_NAME)";
				SWIFT_EMIT_LOC_STRINGS = YES;
				SWIFT_VERSION = 5.0;
				TARGETED_DEVICE_FAMILY = "1,2";
			};
			name = Debug;
		};
		0426B0E429FD9B8900C2BF3B /* Release */ = {
			isa = XCBuildConfiguration;
			buildSettings = {
				ASSETCATALOG_COMPILER_APPICON_NAME = AppIcon;
				ASSETCATALOG_COMPILER_GLOBAL_ACCENT_COLOR_NAME = AccentColor;
				CODE_SIGN_STYLE = Automatic;
				CURRENT_PROJECT_VERSION = 1;
				DEVELOPMENT_TEAM = 8RR9M64TNW;
				GENERATE_INFOPLIST_FILE = YES;
				INFOPLIST_FILE = WeatherForecast/Resources/Info.plist;
				INFOPLIST_KEY_UIApplicationSupportsIndirectInputEvents = YES;
				INFOPLIST_KEY_UILaunchStoryboardName = LaunchScreen;
				INFOPLIST_KEY_UIMainStoryboardFile = "";
				INFOPLIST_KEY_UISupportedInterfaceOrientations_iPad = "UIInterfaceOrientationPortrait UIInterfaceOrientationPortraitUpsideDown UIInterfaceOrientationLandscapeLeft UIInterfaceOrientationLandscapeRight";
				INFOPLIST_KEY_UISupportedInterfaceOrientations_iPhone = "UIInterfaceOrientationPortrait UIInterfaceOrientationLandscapeLeft UIInterfaceOrientationLandscapeRight";
				IPHONEOS_DEPLOYMENT_TARGET = 14.5;
				LD_RUNPATH_SEARCH_PATHS = (
					"$(inherited)",
					"@executable_path/Frameworks",
				);
				MARKETING_VERSION = 1.0;
				PRODUCT_BUNDLE_IDENTIFIER = semjon.g.WeatherForecast;
				PRODUCT_NAME = "$(TARGET_NAME)";
				SWIFT_EMIT_LOC_STRINGS = YES;
				SWIFT_VERSION = 5.0;
				TARGETED_DEVICE_FAMILY = "1,2";
			};
			name = Release;
		};
/* End XCBuildConfiguration section */

/* Begin XCConfigurationList section */
		0426B0C929FD9B8800C2BF3B /* Build configuration list for PBXProject "WeatherForecast" */ = {
			isa = XCConfigurationList;
			buildConfigurations = (
				0426B0E029FD9B8900C2BF3B /* Debug */,
				0426B0E129FD9B8900C2BF3B /* Release */,
			);
			defaultConfigurationIsVisible = 0;
			defaultConfigurationName = Release;
		};
		0426B0E229FD9B8900C2BF3B /* Build configuration list for PBXNativeTarget "WeatherForecast" */ = {
			isa = XCConfigurationList;
			buildConfigurations = (
				0426B0E329FD9B8900C2BF3B /* Debug */,
				0426B0E429FD9B8900C2BF3B /* Release */,
			);
			defaultConfigurationIsVisible = 0;
			defaultConfigurationName = Release;
		};
/* End XCConfigurationList section */
	};
	rootObject = 0426B0C629FD9B8800C2BF3B /* Project object */;
}
